{
    "name": "node-red-project",
    "version": "0.0.1",
    "lockfileVersion": 2,
    "requires": true,
    "packages": {
        "": {
            "name": "node-red-project",
            "version": "0.0.1",
            "dependencies": {
                "node-red-contrib-timeout": "~1.1.5"
            }
        },
        "node_modules/node-red-contrib-timeout": {
            "version": "1.1.5",
            "resolved": "https://registry.npmjs.org/node-red-contrib-timeout/-/node-red-contrib-timeout-1.1.5.tgz",
            "integrity": "sha512-aaCOnOSN8xFYRIxS5fggH0QVbgzBJe9QurvPQCbMR5OLMH3mQvF8tXaJtPLOY/SM2nxc2ENHrKoBSMw2l0CHIA=="
        }
    },
    "dependencies": {
        "node-red-contrib-timeout": {
            "version": "1.1.5",
            "resolved": "https://registry.npmjs.org/node-red-contrib-timeout/-/node-red-contrib-timeout-1.1.5.tgz",
            "integrity": "sha512-aaCOnOSN8xFYRIxS5fggH0QVbgzBJe9QurvPQCbMR5OLMH3mQvF8tXaJtPLOY/SM2nxc2ENHrKoBSMw2l0CHIA=="
        }
    }
}
